
Microsoft Visual Studio Solution File, Format Version 12.00
# Visual Studio 15
VisualStudioVersion = 15.0.26430.14
MinimumVisualStudioVersion = 10.0.40219.1
Project("{8BC9CEB8-8B4A-11D0-8D11-00A0C91BC942}") = "Kernel", "Kernel\Kernel.vcxproj", "{C87E00BF-2BEB-49E2-B34E-67EF9D19935F}"
EndProject
Project("{8BC9CEB8-8B4A-11D0-8D11-00A0C91BC942}") = "Kernel64", "Kernel64\Kernel64.vcxproj", "{AF16456A-49FE-44BD-996E-7CC8240769D4}"
	ProjectSection(ProjectDependencies) = postProject
		{C87E00BF-2BEB-49E2-B34E-67EF9D19935F} = {C87E00BF-2BEB-49E2-B34E-67EF9D19935F}
	EndProjectSection
EndProject
Global
	GlobalSection(SolutionConfigurationPlatforms) = preSolution
		Debug|x64 = Debug|x64
		Debug|x86 = Debug|x86
		Release|x64 = Release|x64
		Release|x86 = Release|x86
	EndGlobalSection
	GlobalSection(ProjectConfigurationPlatforms) = postSolution
		{C87E00BF-2BEB-49E2-B34E-67EF9D19935F}.Debug|x64.ActiveCfg = Debug|Win32
		{C87E00BF-2BEB-49E2-B34E-67EF9D19935F}.Debug|x64.Build.0 = Debug|Win32
		{C87E00BF-2BEB-49E2-B34E-67EF9D19935F}.Debug|x86.ActiveCfg = Release|Win32
		{C87E00BF-2BEB-49E2-B34E-67EF9D19935F}.Debug|x86.Build.0 = Release|Win32
		{C87E00BF-2BEB-49E2-B34E-67EF9D19935F}.Release|x64.ActiveCfg = Release|Win32
		{C87E00BF-2BEB-49E2-B34E-67EF9D19935F}.Release|x64.Build.0 = Release|Win32
		{C87E00BF-2BEB-49E2-B34E-67EF9D19935F}.Release|x86.ActiveCfg = Release|Win32
		{C87E00BF-2BEB-49E2-B34E-67EF9D19935F}.Release|x86.Build.0 = Release|Win32
		{AF16456A-49FE-44BD-996E-7CC8240769D4}.Debug|x64.ActiveCfg = Debug|x64
		{AF16456A-49FE-44BD-996E-7CC8240769D4}.Debug|x64.Build.0 = Debug|x64
		{AF16456A-49FE-44BD-996E-7CC8240769D4}.Debug|x86.ActiveCfg = Release|x64
		{AF16456A-49FE-44BD-996E-7CC8240769D4}.Debug|x86.Build.0 = Release|x64
		{AF16456A-49FE-44BD-996E-7CC8240769D4}.Release|x64.ActiveCfg = Release|x64
		{AF16456A-49FE-44BD-996E-7CC8240769D4}.Release|x64.Build.0 = Release|x64
		{AF16456A-49FE-44BD-996E-7CC8240769D4}.Release|x86.ActiveCfg = Release|x64
		{AF16456A-49FE-44BD-996E-7CC8240769D4}.Release|x86.Build.0 = Release|x64
	EndGlobalSection
	GlobalSection(SolutionProperties) = preSolution
		HideSolutionNode = FALSE
	EndGlobalSection
EndGlobal
